
Microsoft Visual Studio Solution File, Format Version 12.00
# Visual Studio 15
VisualStudioVersion = 15.0.27703.2018
MinimumVisualStudioVersion = 10.0.40219.1
Project("{FAE04EC0-301F-11D3-BF4B-00C04F79EFBC}") = "App1_1", "App1_1\App1_1.csproj", "{BAC9675E-19BE-4A36-A4A8-B6AD004C45C6}"
EndProject
Project("{FAE04EC0-301F-11D3-BF4B-00C04F79EFBC}") = "App2_2", "App2_2\App2_2.csproj", "{78AD267C-45FF-49C8-A43D-F8B49D57FF2D}"
EndProject
Project("{FAE04EC0-301F-11D3-BF4B-00C04F79EFBC}") = "App2_3", "App2_3\App2_3.csproj", "{23AB51F0-8EBB-4220-86B6-7C5CA41E87AF}"
EndProject
Project("{FAE04EC0-301F-11D3-BF4B-00C04F79EFBC}") = "App2_4", "App2_4\App2_4.csproj", "{3B61E483-F389-4F59-9D1A-9188A3EE906B}"
EndProject
Project("{FAE04EC0-301F-11D3-BF4B-00C04F79EFBC}") = "App3_1", "App3_1\App3_1.csproj", "{C67669B2-52EF-4AA5-B30A-BBF9FB50775F}"
EndProject
Project("{FAE04EC0-301F-11D3-BF4B-00C04F79EFBC}") = "App3_2", "App3_2\App3_2.csproj", "{89744A33-EF2B-4290-8014-A317601C0B23}"
EndProject
Project("{FAE04EC0-301F-11D3-BF4B-00C04F79EFBC}") = "App3_5", "App3_5\App3_5.csproj", "{A727D3FD-D386-48B1-A2FD-D6DE32A091C5}"
EndProject
Project("{FAE04EC0-301F-11D3-BF4B-00C04F79EFBC}") = "App3_3", "App3_3\App3_3.csproj", "{25AE6925-959F-4C64-9CCD-BE50CDD3AABE}"
EndProject
Project("{FAE04EC0-301F-11D3-BF4B-00C04F79EFBC}") = "App3_6", "App3_6\App3_6.csproj", "{243496A1-3019-4338-AB39-CF2F17D30674}"
EndProject
Project("{FAE04EC0-301F-11D3-BF4B-00C04F79EFBC}") = "App4_1", "App4_1\App4_1.csproj", "{7A5E2D16-F908-41CF-B80C-FD2350DB7C46}"
EndProject
Project("{FAE04EC0-301F-11D3-BF4B-00C04F79EFBC}") = "App4_2", "App4_2\App4_2.csproj", "{FDF8E8D9-50C9-42F3-8D1F-B3C18866057C}"
EndProject
Project("{FAE04EC0-301F-11D3-BF4B-00C04F79EFBC}") = "App4_3", "App4_3\App4_3.csproj", "{44EEB269-9F01-40AF-B768-3240D6FE19F9}"
EndProject
Project("{FAE04EC0-301F-11D3-BF4B-00C04F79EFBC}") = "App4_4", "App4_4\App4_4.csproj", "{D7A93EC6-3059-4D13-ABDE-EC8C9F57FE8B}"
EndProject
Project("{FAE04EC0-301F-11D3-BF4B-00C04F79EFBC}") = "App4_5", "App4_5\App4_5.csproj", "{31A21161-3C6A-4936-BDE9-DC1C1BE6E3D6}"
EndProject
Project("{FAE04EC0-301F-11D3-BF4B-00C04F79EFBC}") = "App6_1", "App6_1\App6_1.csproj", "{D10C5510-1F4D-4127-908E-1A6FCF724A23}"
EndProject
Project("{FAE04EC0-301F-11D3-BF4B-00C04F79EFBC}") = "App6_2", "App6_2\App6_2.csproj", "{4E47EE6A-38C6-41D2-B6FA-DF6257C3B60D}"
EndProject
Project("{FAE04EC0-301F-11D3-BF4B-00C04F79EFBC}") = "App7_1", "App7_1\App7_1.csproj", "{5FC7834F-608F-4FF4-942A-9FF194D8F524}"
EndProject
Global
	GlobalSection(SolutionConfigurationPlatforms) = preSolution
		Debug|Any CPU = Debug|Any CPU
		Release|Any CPU = Release|Any CPU
	EndGlobalSection
	GlobalSection(ProjectConfigurationPlatforms) = postSolution
		{BAC9675E-19BE-4A36-A4A8-B6AD004C45C6}.Debug|Any CPU.ActiveCfg = Debug|Any CPU
		{BAC9675E-19BE-4A36-A4A8-B6AD004C45C6}.Debug|Any CPU.Build.0 = Debug|Any CPU
		{BAC9675E-19BE-4A36-A4A8-B6AD004C45C6}.Release|Any CPU.ActiveCfg = Release|Any CPU
		{BAC9675E-19BE-4A36-A4A8-B6AD004C45C6}.Release|Any CPU.Build.0 = Release|Any CPU
		{78AD267C-45FF-49C8-A43D-F8B49D57FF2D}.Debug|Any CPU.ActiveCfg = Debug|Any CPU
		{78AD267C-45FF-49C8-A43D-F8B49D57FF2D}.Debug|Any CPU.Build.0 = Debug|Any CPU
		{78AD267C-45FF-49C8-A43D-F8B49D57FF2D}.Release|Any CPU.ActiveCfg = Release|Any CPU
		{78AD267C-45FF-49C8-A43D-F8B49D57FF2D}.Release|Any CPU.Build.0 = Release|Any CPU
		{23AB51F0-8EBB-4220-86B6-7C5CA41E87AF}.Debug|Any CPU.ActiveCfg = Debug|Any CPU
		{23AB51F0-8EBB-4220-86B6-7C5CA41E87AF}.Debug|Any CPU.Build.0 = Debug|Any CPU
		{23AB51F0-8EBB-4220-86B6-7C5CA41E87AF}.Release|Any CPU.ActiveCfg = Release|Any CPU
		{23AB51F0-8EBB-4220-86B6-7C5CA41E87AF}.Release|Any CPU.Build.0 = Release|Any CPU
		{3B61E483-F389-4F59-9D1A-9188A3EE906B}.Debug|Any CPU.ActiveCfg = Debug|Any CPU
		{3B61E483-F389-4F59-9D1A-9188A3EE906B}.Debug|Any CPU.Build.0 = Debug|Any CPU
		{3B61E483-F389-4F59-9D1A-9188A3EE906B}.Release|Any CPU.ActiveCfg = Release|Any CPU
		{3B61E483-F389-4F59-9D1A-9188A3EE906B}.Release|Any CPU.Build.0 = Release|Any CPU
		{C67669B2-52EF-4AA5-B30A-BBF9FB50775F}.Debug|Any CPU.ActiveCfg = Debug|Any CPU
		{C67669B2-52EF-4AA5-B30A-BBF9FB50775F}.Debug|Any CPU.Build.0 = Debug|Any CPU
		{C67669B2-52EF-4AA5-B30A-BBF9FB50775F}.Release|Any CPU.ActiveCfg = Release|Any CPU
		{C67669B2-52EF-4AA5-B30A-BBF9FB50775F}.Release|Any CPU.Build.0 = Release|Any CPU
		{89744A33-EF2B-4290-8014-A317601C0B23}.Debug|Any CPU.ActiveCfg = Debug|Any CPU
		{89744A33-EF2B-4290-8014-A317601C0B23}.Debug|Any CPU.Build.0 = Debug|Any CPU
		{89744A33-EF2B-4290-8014-A317601C0B23}.Release|Any CPU.ActiveCfg = Release|Any CPU
		{89744A33-EF2B-4290-8014-A317601C0B23}.Release|Any CPU.Build.0 = Release|Any CPU
		{A727D3FD-D386-48B1-A2FD-D6DE32A091C5}.Debug|Any CPU.ActiveCfg = Debug|Any CPU
		{A727D3FD-D386-48B1-A2FD-D6DE32A091C5}.Debug|Any CPU.Build.0 = Debug|Any CPU
		{A727D3FD-D386-48B1-A2FD-D6DE32A091C5}.Release|Any CPU.ActiveCfg = Release|Any CPU
		{A727D3FD-D386-48B1-A2FD-D6DE32A091C5}.Release|Any CPU.Build.0 = Release|Any CPU
		{25AE6925-959F-4C64-9CCD-BE50CDD3AABE}.Debug|Any CPU.ActiveCfg = Debug|Any CPU
		{25AE6925-959F-4C64-9CCD-BE50CDD3AABE}.Debug|Any CPU.Build.0 = Debug|Any CPU
		{25AE6925-959F-4C64-9CCD-BE50CDD3AABE}.Release|Any CPU.ActiveCfg = Release|Any CPU
		{25AE6925-959F-4C64-9CCD-BE50CDD3AABE}.Release|Any CPU.Build.0 = Release|Any CPU
		{243496A1-3019-4338-AB39-CF2F17D30674}.Debug|Any CPU.ActiveCfg = Debug|Any CPU
		{243496A1-3019-4338-AB39-CF2F17D30674}.Debug|Any CPU.Build.0 = Debug|Any CPU
		{243496A1-3019-4338-AB39-CF2F17D30674}.Release|Any CPU.ActiveCfg = Release|Any CPU
		{243496A1-3019-4338-AB39-CF2F17D30674}.Release|Any CPU.Build.0 = Release|Any CPU
		{7A5E2D16-F908-41CF-B80C-FD2350DB7C46}.Debug|Any CPU.ActiveCfg = Debug|Any CPU
		{7A5E2D16-F908-41CF-B80C-FD2350DB7C46}.Debug|Any CPU.Build.0 = Debug|Any CPU
		{7A5E2D16-F908-41CF-B80C-FD2350DB7C46}.Release|Any CPU.ActiveCfg = Release|Any CPU
		{7A5E2D16-F908-41CF-B80C-FD2350DB7C46}.Release|Any CPU.Build.0 = Release|Any CPU
		{FDF8E8D9-50C9-42F3-8D1F-B3C18866057C}.Debug|Any CPU.ActiveCfg = Debug|Any CPU
		{FDF8E8D9-50C9-42F3-8D1F-B3C18866057C}.Debug|Any CPU.Build.0 = Debug|Any CPU
		{FDF8E8D9-50C9-42F3-8D1F-B3C18866057C}.Release|Any CPU.ActiveCfg = Release|Any CPU
		{FDF8E8D9-50C9-42F3-8D1F-B3C18866057C}.Release|Any CPU.Build.0 = Release|Any CPU
		{44EEB269-9F01-40AF-B768-3240D6FE19F9}.Debug|Any CPU.ActiveCfg = Debug|Any CPU
		{44EEB269-9F01-40AF-B768-3240D6FE19F9}.Debug|Any CPU.Build.0 = Debug|Any CPU
		{44EEB269-9F01-40AF-B768-3240D6FE19F9}.Release|Any CPU.ActiveCfg = Release|Any CPU
		{44EEB269-9F01-40AF-B768-3240D6FE19F9}.Release|Any CPU.Build.0 = Release|Any CPU
		{D7A93EC6-3059-4D13-ABDE-EC8C9F57FE8B}.Debug|Any CPU.ActiveCfg = Debug|Any CPU
		{D7A93EC6-3059-4D13-ABDE-EC8C9F57FE8B}.Debug|Any CPU.Build.0 = Debug|Any CPU
		{D7A93EC6-3059-4D13-ABDE-EC8C9F57FE8B}.Release|Any CPU.ActiveCfg = Release|Any CPU
		{D7A93EC6-3059-4D13-ABDE-EC8C9F57FE8B}.Release|Any CPU.Build.0 = Release|Any CPU
		{31A21161-3C6A-4936-BDE9-DC1C1BE6E3D6}.Debug|Any CPU.ActiveCfg = Debug|Any CPU
		{31A21161-3C6A-4936-BDE9-DC1C1BE6E3D6}.Debug|Any CPU.Build.0 = Debug|Any CPU
		{31A21161-3C6A-4936-BDE9-DC1C1BE6E3D6}.Release|Any CPU.ActiveCfg = Release|Any CPU
		{31A21161-3C6A-4936-BDE9-DC1C1BE6E3D6}.Release|Any CPU.Build.0 = Release|Any CPU
		{D10C5510-1F4D-4127-908E-1A6FCF724A23}.Debug|Any CPU.ActiveCfg = Debug|Any CPU
		{D10C5510-1F4D-4127-908E-1A6FCF724A23}.Debug|Any CPU.Build.0 = Debug|Any CPU
		{D10C5510-1F4D-4127-908E-1A6FCF724A23}.Release|Any CPU.ActiveCfg = Release|Any CPU
		{D10C5510-1F4D-4127-908E-1A6FCF724A23}.Release|Any CPU.Build.0 = Release|Any CPU
		{4E47EE6A-38C6-41D2-B6FA-DF6257C3B60D}.Debug|Any CPU.ActiveCfg = Debug|Any CPU
		{4E47EE6A-38C6-41D2-B6FA-DF6257C3B60D}.Debug|Any CPU.Build.0 = Debug|Any CPU
		{4E47EE6A-38C6-41D2-B6FA-DF6257C3B60D}.Release|Any CPU.ActiveCfg = Release|Any CPU
		{4E47EE6A-38C6-41D2-B6FA-DF6257C3B60D}.Release|Any CPU.Build.0 = Release|Any CPU
		{5FC7834F-608F-4FF4-942A-9FF194D8F524}.Debug|Any CPU.ActiveCfg = Debug|Any CPU
		{5FC7834F-608F-4FF4-942A-9FF194D8F524}.Debug|Any CPU.Build.0 = Debug|Any CPU
		{5FC7834F-608F-4FF4-942A-9FF194D8F524}.Release|Any CPU.ActiveCfg = Release|Any CPU
		{5FC7834F-608F-4FF4-942A-9FF194D8F524}.Release|Any CPU.Build.0 = Release|Any CPU
	EndGlobalSection
	GlobalSection(SolutionProperties) = preSolution
		HideSolutionNode = FALSE
	EndGlobalSection
	GlobalSection(ExtensibilityGlobals) = postSolution
		SolutionGuid = {BD5D1561-25F7-4598-A744-CB0AF07A3C7D}
	EndGlobalSection
EndGlobal
